PODS:
  - captcha_plugin_flutter (0.0.2):
    - Flutter
    - NTESVerifyCode
  - Flutter (1.0.0)
  - image_picker_ios (0.0.1):
    - Flutter
  - NTESVerifyCode (3.7.2)
  - shared_preferences_foundation (0.0.1):
    - Flutter
    - FlutterMacOS
  - webview_flutter_wkwebview (0.0.1):
    - Flutter

DEPENDENCIES:
  - captcha_plugin_flutter (from `.symlinks/plugins/captcha_plugin_flutter/ios`)
  - Flutter (from `Flutter`)
  - image_picker_ios (from `.symlinks/plugins/image_picker_ios/ios`)
  - shared_preferences_foundation (from `.symlinks/plugins/shared_preferences_foundation/darwin`)
  - webview_flutter_wkwebview (from `.symlinks/plugins/webview_flutter_wkwebview/ios`)

SPEC REPOS:
  trunk:
    - NTESVerifyCode

EXTERNAL SOURCES:
  captcha_plugin_flutter:
    :path: ".symlinks/plugins/captcha_plugin_flutter/ios"
  Flutter:
    :path: Flutter
  image_picker_ios:
    :path: ".symlinks/plugins/image_picker_ios/ios"
  shared_preferences_foundation:
    :path: ".symlinks/plugins/shared_preferences_foundation/darwin"
  webview_flutter_wkwebview:
    :path: ".symlinks/plugins/webview_flutter_wkwebview/ios"

SPEC CHECKSUMS:
  captcha_plugin_flutter: 44176174ea88736593c329e9ef2f25a2df1a3e1a
  Flutter: e0871f40cf51350855a761d2e70bf5af5b9b5de7
  image_picker_ios: a768de0d44b0925de635738f5030f9f2727eb996
  NTESVerifyCode: d394da36ac4e56ed2787bf462b1099e81ea5e69a
  shared_preferences_foundation: 9e1978ff2562383bd5676f64ec4e9aa8fa06a6f7
  webview_flutter_wkwebview: 45a041c7831641076618876de3ba75c712860c6b

PODFILE CHECKSUM: 819463e6a0290f5a72f145ba7cde16e8b6ef0796

COCOAPODS: 1.16.2
