PODS:
  - captcha_plugin_flutter (0.0.2):
    - Flutter
    - NTESVerifyCode
  - Flutter (1.0.0)
  - NTESVerifyCode (3.7.2)
  - shared_preferences_foundation (0.0.1):
    - Flutter
    - FlutterMacOS

DEPENDENCIES:
  - captcha_plugin_flutter (from `.symlinks/plugins/captcha_plugin_flutter/ios`)
  - Flutter (from `Flutter`)
  - shared_preferences_foundation (from `.symlinks/plugins/shared_preferences_foundation/darwin`)

SPEC REPOS:
  trunk:
    - NTESVerifyCode

EXTERNAL SOURCES:
  captcha_plugin_flutter:
    :path: ".symlinks/plugins/captcha_plugin_flutter/ios"
  Flutter:
    :path: Flutter
  shared_preferences_foundation:
    :path: ".symlinks/plugins/shared_preferences_foundation/darwin"

SPEC CHECKSUMS:
  captcha_plugin_flutter: 44176174ea88736593c329e9ef2f25a2df1a3e1a
  Flutter: e0871f40cf51350855a761d2e70bf5af5b9b5de7
  NTESVerifyCode: d394da36ac4e56ed2787bf462b1099e81ea5e69a
  shared_preferences_foundation: 9e1978ff2562383bd5676f64ec4e9aa8fa06a6f7

PODFILE CHECKSUM: 819463e6a0290f5a72f145ba7cde16e8b6ef0796

COCOAPODS: 1.16.2
